
Microsoft Visual Studio Solution File, Format Version 12.00
# Visual Studio Version 16
VisualStudioVersion = 16.0.31424.327
MinimumVisualStudioVersion = 10.0.40219.1
Project("{FAE04EC0-301F-11D3-BF4B-00C04F79EFBC}") = "SimpleTextEditor", "SimpleTextEditor\SimpleTextEditor.csproj", "{61FE854D-B19F-4B22-B2DB-AC6581301D37}"
EndProject
Project("{FAE04EC0-301F-11D3-BF4B-00C04F79EFBC}") = "XMLParser", "XMLParser\XMLParser.csproj", "{BD70FDDA-4B32-4DFF-8532-3D057B8ED766}"
EndProject
Project("{FAE04EC0-301F-11D3-BF4B-00C04F79EFBC}") = "JsonParser", "JsonParser\JsonParser.csproj", "{A0A99152-9774-4678-9201-29722276E44D}"
EndProject
Global
	GlobalSection(SolutionConfigurationPlatforms) = preSolution
		Debug|Any CPU = Debug|Any CPU
		Release|Any CPU = Release|Any CPU
	EndGlobalSection
	GlobalSection(ProjectConfigurationPlatforms) = postSolution
		{61FE854D-B19F-4B22-B2DB-AC6581301D37}.Debug|Any CPU.ActiveCfg = Debug|Any CPU
		{61FE854D-B19F-4B22-B2DB-AC6581301D37}.Debug|Any CPU.Build.0 = Debug|Any CPU
		{61FE854D-B19F-4B22-B2DB-AC6581301D37}.Release|Any CPU.ActiveCfg = Release|Any CPU
		{61FE854D-B19F-4B22-B2DB-AC6581301D37}.Release|Any CPU.Build.0 = Release|Any CPU
		{BD70FDDA-4B32-4DFF-8532-3D057B8ED766}.Debug|Any CPU.ActiveCfg = Debug|Any CPU
		{BD70FDDA-4B32-4DFF-8532-3D057B8ED766}.Debug|Any CPU.Build.0 = Debug|Any CPU
		{BD70FDDA-4B32-4DFF-8532-3D057B8ED766}.Release|Any CPU.ActiveCfg = Release|Any CPU
		{BD70FDDA-4B32-4DFF-8532-3D057B8ED766}.Release|Any CPU.Build.0 = Release|Any CPU
		{A0A99152-9774-4678-9201-29722276E44D}.Debug|Any CPU.ActiveCfg = Debug|Any CPU
		{A0A99152-9774-4678-9201-29722276E44D}.Debug|Any CPU.Build.0 = Debug|Any CPU
		{A0A99152-9774-4678-9201-29722276E44D}.Release|Any CPU.ActiveCfg = Release|Any CPU
		{A0A99152-9774-4678-9201-29722276E44D}.Release|Any CPU.Build.0 = Release|Any CPU
	EndGlobalSection
	GlobalSection(SolutionProperties) = preSolution
		HideSolutionNode = FALSE
	EndGlobalSection
	GlobalSection(ExtensibilityGlobals) = postSolution
		SolutionGuid = {6ED06A29-3DA3-463E-BAC9-992093695EC8}
	EndGlobalSection
EndGlobal
